// !$*UTF8*$!
{
	archiveVersion = 1;
	classes = {
	};
	objectVersion = 46;
	objects = {

/* Begin PBXBuildFile section */
		F3332C6F1B05D8ED00A7AACF /* CustomCell.m in Sources */ = {isa = PBXBuildFile; fileRef = F3332C6E1B05D8ED00A7AACF /* CustomCell.m */; };
		F333E7D11B0C745800A1CD49 /* scene5-frames in Resources */ = {isa = PBXBuildFile; fileRef = F333E7CC1B0C745800A1CD49 /* scene5-frames */; };
		F333E7D21B0C745800A1CD49 /* scene4-frames in Resources */ = {isa = PBXBuildFile; fileRef = F333E7CD1B0C745800A1CD49 /* scene4-frames */; };
		F333E7D31B0C745800A1CD49 /* scene3-frames in Resources */ = {isa = PBXBuildFile; fileRef = F333E7CE1B0C745800A1CD49 /* scene3-frames */; };
		F333E7D41B0C745800A1CD49 /* scene2-frames in Resources */ = {isa = PBXBuildFile; fileRef = F333E7CF1B0C745800A1CD49 /* scene2-frames */; };
		F333E7D51B0C745800A1CD49 /* scene1-frames in Resources */ = {isa = PBXBuildFile; fileRef = F333E7D01B0C745800A1CD49 /* scene1-frames */; };
		F33557CA1AF9FDD70057CCD3 /* THSarabunNew Bold.ttf in Resources */ = {isa = PBXBuildFile; fileRef = F33557C61AF9FDD70057CCD3 /* THSarabunNew Bold.ttf */; };
		F33557CB1AF9FDD70057CCD3 /* THSarabunNew BoldItalic.ttf in Resources */ = {isa = PBXBuildFile; fileRef = F33557C71AF9FDD70057CCD3 /* THSarabunNew BoldItalic.ttf */; };
		F33557CC1AF9FDD70057CCD3 /* THSarabunNew Italic.ttf in Resources */ = {isa = PBXBuildFile; fileRef = F33557C81AF9FDD70057CCD3 /* THSarabunNew Italic.ttf */; };
		F33557CD1AF9FDD70057CCD3 /* THSarabunNew.ttf in Resources */ = {isa = PBXBuildFile; fileRef = F33557C91AF9FDD70057CCD3 /* THSarabunNew.ttf */; };
		F35B30161B047E6700292950 /* HelpViewController.m in Sources */ = {isa = PBXBuildFile; fileRef = F35B30151B047E6700292950 /* HelpViewController.m */; };
		F3752F8F1B09CF0B00DCF8A6 /* scene5.gif in Resources */ = {isa = PBXBuildFile; fileRef = F3752F8B1B09CF0B00DCF8A6 /* scene5.gif */; };
		F3752F901B09CF0B00DCF8A6 /* scene4.gif in Resources */ = {isa = PBXBuildFile; fileRef = F3752F8C1B09CF0B00DCF8A6 /* scene4.gif */; };
		F3752F911B09CF0B00DCF8A6 /* scene3.gif in Resources */ = {isa = PBXBuildFile; fileRef = F3752F8D1B09CF0B00DCF8A6 /* scene3.gif */; };
		F3752F921B09CF0B00DCF8A6 /* scene2.gif in Resources */ = {isa = PBXBuildFile; fileRef = F3752F8E1B09CF0B00DCF8A6 /* scene2.gif */; };
		F3752F941B09CF2300DCF8A6 /* scene1.gif in Resources */ = {isa = PBXBuildFile; fileRef = F3752F931B09CF2300DCF8A6 /* scene1.gif */; };
		F38C18371AF2077500112274 /* main.m in Sources */ = {isa = PBXBuildFile; fileRef = F38C18361AF2077500112274 /* main.m */; };
		F38C183A1AF2077500112274 /* AppDelegate.m in Sources */ = {isa = PBXBuildFile; fileRef = F38C18391AF2077500112274 /* AppDelegate.m */; };
		F38C183D1AF2077500112274 /* MainViewController.m in Sources */ = {isa = PBXBuildFile; fileRef = F38C183C1AF2077500112274 /* MainViewController.m */; };
		F38C18431AF2077500112274 /* Main.storyboard in Resources */ = {isa = PBXBuildFile; fileRef = F38C18411AF2077500112274 /* Main.storyboard */; };
		F38C18451AF2077500112274 /* Images.xcassets in Resources */ = {isa = PBXBuildFile; fileRef = F38C18441AF2077500112274 /* Images.xcassets */; };
		F38C18481AF2077500112274 /* LaunchScreen.xib in Resources */ = {isa = PBXBuildFile; fileRef = F38C18461AF2077500112274 /* LaunchScreen.xib */; };
		F38C18541AF2077600112274 /* VisionearTests.m in Sources */ = {isa = PBXBuildFile; fileRef = F38C18531AF2077600112274 /* VisionearTests.m */; };
		F3A19A1D1B0AFA0300BF44D2 /* Main2ViewController.m in Sources */ = {isa = PBXBuildFile; fileRef = F3A19A1C1B0AFA0300BF44D2 /* Main2ViewController.m */; };
		F3A19A201B0B45C500BF44D2 /* Help2ViewController.m in Sources */ = {isa = PBXBuildFile; fileRef = F3A19A1F1B0B45C500BF44D2 /* Help2ViewController.m */; };
		F3CF55431AFB2811003FDA62 /* HelpCustomCell.m in Sources */ = {isa = PBXBuildFile; fileRef = F3CF55421AFB2811003FDA62 /* HelpCustomCell.m */; };
/* End PBXBuildFile section */

/* Begin PBXContainerItemProxy section */
		F38C184E1AF2077600112274 /* PBXContainerItemProxy */ = {
			isa = PBXContainerItemProxy;
			containerPortal = F38C18291AF2077500112274 /* Project object */;
			proxyType = 1;
			remoteGlobalIDString = F38C18301AF2077500112274;
			remoteInfo = Visionear;
		};
/* End PBXContainerItemProxy section */

/* Begin PBXFileReference section */
		F3332C6D1B05D8ED00A7AACF /* CustomCell.h */ = {isa = PBXFileReference; fileEncoding = 4; lastKnownFileType = sourcecode.c.h; name = CustomCell.h; path = Visionear/CustomCell.h; sourceTree = "<group>"; };
		F3332C6E1B05D8ED00A7AACF /* CustomCell.m */ = {isa = PBXFileReference; fileEncoding = 4; lastKnownFileType = sourcecode.c.objc; name = CustomCell.m; path = Visionear/CustomCell.m; sourceTree = "<group>"; };
		F333E7CC1B0C745800A1CD49 /* scene5-frames */ = {isa = PBXFileReference; lastKnownFileType = folder; path = "scene5-frames"; sourceTree = "<group>"; };
		F333E7CD1B0C745800A1CD49 /* scene4-frames */ = {isa = PBXFileReference; lastKnownFileType = folder; path = "scene4-frames"; sourceTree = "<group>"; };
		F333E7CE1B0C745800A1CD49 /* scene3-frames */ = {isa = PBXFileReference; lastKnownFileType = folder; path = "scene3-frames"; sourceTree = "<group>"; };
		F333E7CF1B0C745800A1CD49 /* scene2-frames */ = {isa = PBXFileReference; lastKnownFileType = folder; path = "scene2-frames"; sourceTree = "<group>"; };
		F333E7D01B0C745800A1CD49 /* scene1-frames */ = {isa = PBXFileReference; lastKnownFileType = folder; path = "scene1-frames"; sourceTree = "<group>"; };
		F33557C61AF9FDD70057CCD3 /* THSarabunNew Bold.ttf */ = {isa = PBXFileReference; lastKnownFileType = file; path = "THSarabunNew Bold.ttf"; sourceTree = "<group>"; };
		F33557C71AF9FDD70057CCD3 /* THSarabunNew BoldItalic.ttf */ = {isa = PBXFileReference; lastKnownFileType = file; path = "THSarabunNew BoldItalic.ttf"; sourceTree = "<group>"; };
		F33557C81AF9FDD70057CCD3 /* THSarabunNew Italic.ttf */ = {isa = PBXFileReference; lastKnownFileType = file; path = "THSarabunNew Italic.ttf"; sourceTree = "<group>"; };
		F33557C91AF9FDD70057CCD3 /* THSarabunNew.ttf */ = {isa = PBXFileReference; lastKnownFileType = file; path = THSarabunNew.ttf; sourceTree = "<group>"; };
		F35B30141B047E6700292950 /* HelpViewController.h */ = {isa = PBXFileReference; fileEncoding = 4; lastKnownFileType = sourcecode.c.h; path = HelpViewController.h; sourceTree = "<group>"; };
		F35B30151B047E6700292950 /* HelpViewController.m */ = {isa = PBXFileReference; fileEncoding = 4; lastKnownFileType = sourcecode.c.objc; path = HelpViewController.m; sourceTree = "<group>"; };
		F3752F8B1B09CF0B00DCF8A6 /* scene5.gif */ = {isa = PBXFileReference; lastKnownFileType = image.gif; path = scene5.gif; sourceTree = "<group>"; };
		F3752F8C1B09CF0B00DCF8A6 /* scene4.gif */ = {isa = PBXFileReference; lastKnownFileType = image.gif; path = scene4.gif; sourceTree = "<group>"; };
		F3752F8D1B09CF0B00DCF8A6 /* scene3.gif */ = {isa = PBXFileReference; lastKnownFileType = image.gif; name = scene3.gif; path = Visionear.xcodeproj/scene3.gif; sourceTree = SOURCE_ROOT; };
		F3752F8E1B09CF0B00DCF8A6 /* scene2.gif */ = {isa = PBXFileReference; lastKnownFileType = image.gif; path = scene2.gif; sourceTree = "<group>"; };
		F3752F931B09CF2300DCF8A6 /* scene1.gif */ = {isa = PBXFileReference; lastKnownFileType = image.gif; path = scene1.gif; sourceTree = "<group>"; };
		F38C18311AF2077500112274 /* Visionear.app */ = {isa = PBXFileReference; explicitFileType = wrapper.application; includeInIndex = 0; path = Visionear.app; sourceTree = BUILT_PRODUCTS_DIR; };
		F38C18351AF2077500112274 /* Info.plist */ = {isa = PBXFileReference; lastKnownFileType = text.plist.xml; path = Info.plist; sourceTree = "<group>"; };
		F38C18361AF2077500112274 /* main.m */ = {isa = PBXFileReference; lastKnownFileType = sourcecode.c.objc; path = main.m; sourceTree = "<group>"; };
		F38C18381AF2077500112274 /* AppDelegate.h */ = {isa = PBXFileReference; lastKnownFileType = sourcecode.c.h; path = AppDelegate.h; sourceTree = "<group>"; };
		F38C18391AF2077500112274 /* AppDelegate.m */ = {isa = PBXFileReference; lastKnownFileType = sourcecode.c.objc; path = AppDelegate.m; sourceTree = "<group>"; };
		F38C183B1AF2077500112274 /* MainViewController.h */ = {isa = PBXFileReference; lastKnownFileType = sourcecode.c.h; path = MainViewController.h; sourceTree = "<group>"; };
		F38C183C1AF2077500112274 /* MainViewController.m */ = {isa = PBXFileReference; lastKnownFileType = sourcecode.c.objc; path = MainViewController.m; sourceTree = "<group>"; };
		F38C18421AF2077500112274 /* Base */ = {isa = PBXFileReference; lastKnownFileType = file.storyboard; name = Base; path = Base.lproj/Main.storyboard; sourceTree = "<group>"; };
		F38C18441AF2077500112274 /* Images.xcassets */ = {isa = PBXFileReference; lastKnownFileType = folder.assetcatalog; path = Images.xcassets; sourceTree = "<group>"; };
		F38C18471AF2077500112274 /* Base */ = {isa = PBXFileReference; lastKnownFileType = file.xib; name = Base; path = Base.lproj/LaunchScreen.xib; sourceTree = "<group>"; };
		F38C184D1AF2077600112274 /* VisionearTests.xctest */ = {isa = PBXFileReference; explicitFileType = wrapper.cfbundle; includeInIndex = 0; path = VisionearTests.xctest; sourceTree = BUILT_PRODUCTS_DIR; };
		F38C18521AF2077600112274 /* Info.plist */ = {isa = PBXFileReference; lastKnownFileType = text.plist.xml; path = Info.plist; sourceTree = "<group>"; };
		F38C18531AF2077600112274 /* VisionearTests.m */ = {isa = PBXFileReference; lastKnownFileType = sourcecode.c.objc; path = VisionearTests.m; sourceTree = "<group>"; };
		F3A19A1B1B0AFA0300BF44D2 /* Main2ViewController.h */ = {isa = PBXFileReference; fileEncoding = 4; lastKnownFileType = sourcecode.c.h; path = Main2ViewController.h; sourceTree = "<group>"; };
		F3A19A1C1B0AFA0300BF44D2 /* Main2ViewController.m */ = {isa = PBXFileReference; fileEncoding = 4; lastKnownFileType = sourcecode.c.objc; path = Main2ViewController.m; sourceTree = "<group>"; };
		F3A19A1E1B0B45C500BF44D2 /* Help2ViewController.h */ = {isa = PBXFileReference; fileEncoding = 4; lastKnownFileType = sourcecode.c.h; path = Help2ViewController.h; sourceTree = "<group>"; };
		F3A19A1F1B0B45C500BF44D2 /* Help2ViewController.m */ = {isa = PBXFileReference; fileEncoding = 4; lastKnownFileType = sourcecode.c.objc; path = Help2ViewController.m; sourceTree = "<group>"; };
		F3CF55411AFB2811003FDA62 /* HelpCustomCell.h */ = {isa = PBXFileReference; fileEncoding = 4; lastKnownFileType = sourcecode.c.h; name = HelpCustomCell.h; path = Visionear/HelpCustomCell.h; sourceTree = "<group>"; };
		F3CF55421AFB2811003FDA62 /* HelpCustomCell.m */ = {isa = PBXFileReference; fileEncoding = 4; lastKnownFileType = sourcecode.c.objc; name = HelpCustomCell.m; path = Visionear/HelpCustomCell.m; sourceTree = "<group>"; };
/* End PBXFileReference section */

/* Begin PBXFrameworksBuildPhase section */
		F38C182E1AF2077500112274 /* Frameworks */ = {
			isa = PBXFrameworksBuildPhase;
			buildActionMask = 2147483647;
			files = (
			);
			runOnlyForDeploymentPostprocessing = 0;
		};
		F38C184A1AF2077600112274 /* Frameworks */ = {
			isa = PBXFrameworksBuildPhase;
			buildActionMask = 2147483647;
			files = (
			);
			runOnlyForDeploymentPostprocessing = 0;
		};
/* End PBXFrameworksBuildPhase section */

/* Begin PBXGroup section */
		F333E7CA1B0C6BEE00A1CD49 /* HelpSection */ = {
			isa = PBXGroup;
			children = (
				F35B30141B047E6700292950 /* HelpViewController.h */,
				F35B30151B047E6700292950 /* HelpViewController.m */,
				F3A19A1E1B0B45C500BF44D2 /* Help2ViewController.h */,
				F3A19A1F1B0B45C500BF44D2 /* Help2ViewController.m */,
			);
			name = HelpSection;
			sourceTree = "<group>";
		};
		F333E7CB1B0C6C0B00A1CD49 /* MainSection */ = {
			isa = PBXGroup;
			children = (
				F38C183B1AF2077500112274 /* MainViewController.h */,
				F38C183C1AF2077500112274 /* MainViewController.m */,
				F3A19A1B1B0AFA0300BF44D2 /* Main2ViewController.h */,
				F3A19A1C1B0AFA0300BF44D2 /* Main2ViewController.m */,
			);
			name = MainSection;
			sourceTree = "<group>";
		};
		F33557C51AF9FDAC0057CCD3 /* Font */ = {
			isa = PBXGroup;
			children = (
				F33557C61AF9FDD70057CCD3 /* THSarabunNew Bold.ttf */,
				F33557C71AF9FDD70057CCD3 /* THSarabunNew BoldItalic.ttf */,
				F33557C81AF9FDD70057CCD3 /* THSarabunNew Italic.ttf */,
				F33557C91AF9FDD70057CCD3 /* THSarabunNew.ttf */,
			);
			name = Font;
			path = Visionear.xcodeproj;
			sourceTree = "<group>";
		};
		F38C18281AF2077500112274 = {
			isa = PBXGroup;
			children = (
				F3CF55401AFB27E1003FDA62 /* CustomCells */,
				F38C185D1AF21B0500112274 /* Images */,
				F38C18331AF2077500112274 /* Visionear */,
				F38C18501AF2077600112274 /* VisionearTests */,
				F38C18321AF2077500112274 /* Products */,
				F33557C51AF9FDAC0057CCD3 /* Font */,
			);
			sourceTree = "<group>";
		};
		F38C18321AF2077500112274 /* Products */ = {
			isa = PBXGroup;
			children = (
				F38C18311AF2077500112274 /* Visionear.app */,
				F38C184D1AF2077600112274 /* VisionearTests.xctest */,
			);
			name = Products;
			sourceTree = "<group>";
		};
		F38C18331AF2077500112274 /* Visionear */ = {
			isa = PBXGroup;
			children = (
				F38C18381AF2077500112274 /* AppDelegate.h */,
				F38C18391AF2077500112274 /* AppDelegate.m */,
				F38C18411AF2077500112274 /* Main.storyboard */,
				F38C18441AF2077500112274 /* Images.xcassets */,
				F38C18461AF2077500112274 /* LaunchScreen.xib */,
				F333E7CB1B0C6C0B00A1CD49 /* MainSection */,
				F333E7CA1B0C6BEE00A1CD49 /* HelpSection */,
				F38C18341AF2077500112274 /* Supporting Files */,
			);
			path = Visionear;
			sourceTree = "<group>";
		};
		F38C18341AF2077500112274 /* Supporting Files */ = {
			isa = PBXGroup;
			children = (
				F38C18351AF2077500112274 /* Info.plist */,
				F38C18361AF2077500112274 /* main.m */,
			);
			name = "Supporting Files";
			sourceTree = "<group>";
		};
		F38C18501AF2077600112274 /* VisionearTests */ = {
			isa = PBXGroup;
			children = (
				F38C18531AF2077600112274 /* VisionearTests.m */,
				F38C18511AF2077600112274 /* Supporting Files */,
			);
			path = VisionearTests;
			sourceTree = "<group>";
		};
		F38C18511AF2077600112274 /* Supporting Files */ = {
			isa = PBXGroup;
			children = (
				F38C18521AF2077600112274 /* Info.plist */,
			);
			name = "Supporting Files";
			sourceTree = "<group>";
		};
		F38C185D1AF21B0500112274 /* Images */ = {
			isa = PBXGroup;
			children = (
				F333E7CC1B0C745800A1CD49 /* scene5-frames */,
				F333E7CD1B0C745800A1CD49 /* scene4-frames */,
				F333E7CE1B0C745800A1CD49 /* scene3-frames */,
				F333E7CF1B0C745800A1CD49 /* scene2-frames */,
				F333E7D01B0C745800A1CD49 /* scene1-frames */,
				F3752F931B09CF2300DCF8A6 /* scene1.gif */,
				F3752F8E1B09CF0B00DCF8A6 /* scene2.gif */,
				F3752F8D1B09CF0B00DCF8A6 /* scene3.gif */,
				F3752F8C1B09CF0B00DCF8A6 /* scene4.gif */,
				F3752F8B1B09CF0B00DCF8A6 /* scene5.gif */,
			);
			name = Images;
			path = Visionear.xcodeproj;
			sourceTree = "<group>";
		};
		F3CF55401AFB27E1003FDA62 /* CustomCells */ = {
			isa = PBXGroup;
			children = (
				F3CF55411AFB2811003FDA62 /* HelpCustomCell.h */,
				F3CF55421AFB2811003FDA62 /* HelpCustomCell.m */,
				F3332C6D1B05D8ED00A7AACF /* CustomCell.h */,
				F3332C6E1B05D8ED00A7AACF /* CustomCell.m */,
			);
			name = CustomCells;
			sourceTree = "<group>";
		};
/* End PBXGroup section */

/* Begin PBXNativeTarget section */
		F38C18301AF2077500112274 /* Visionear */ = {
			isa = PBXNativeTarget;
			buildConfigurationList = F38C18571AF2077600112274 /* Build configuration list for PBXNativeTarget "Visionear" */;
			buildPhases = (
				F38C182D1AF2077500112274 /* Sources */,
				F38C182E1AF2077500112274 /* Frameworks */,
				F38C182F1AF2077500112274 /* Resources */,
			);
			buildRules = (
			);
			dependencies = (
			);
			name = Visionear;
			productName = Visionear;
			productReference = F38C18311AF2077500112274 /* Visionear.app */;
			productType = "com.apple.product-type.application";
		};
		F38C184C1AF2077600112274 /* VisionearTests */ = {
			isa = PBXNativeTarget;
			buildConfigurationList = F38C185A1AF2077600112274 /* Build configuration list for PBXNativeTarget "VisionearTests" */;
			buildPhases = (
				F38C18491AF2077600112274 /* Sources */,
				F38C184A1AF2077600112274 /* Frameworks */,
				F38C184B1AF2077600112274 /* Resources */,
			);
			buildRules = (
			);
			dependencies = (
				F38C184F1AF2077600112274 /* PBXTargetDependency */,
			);
			name = VisionearTests;
			productName = VisionearTests;
			productReference = F38C184D1AF2077600112274 /* VisionearTests.xctest */;
			productType = "com.apple.product-type.bundle.unit-test";
		};
/* End PBXNativeTarget section */

/* Begin PBXProject section */
		F38C18291AF2077500112274 /* Project object */ = {
			isa = PBXProject;
			attributes = {
				LastUpgradeCheck = 0630;
				ORGANIZATIONNAME = "CPE KMUTT";
				TargetAttributes = {
					F38C18301AF2077500112274 = {
						CreatedOnToolsVersion = 6.3.1;
						DevelopmentTeam = TQ4QLT966J;
					};
					F38C184C1AF2077600112274 = {
						CreatedOnToolsVersion = 6.3.1;
						TestTargetID = F38C18301AF2077500112274;
					};
				};
			};
			buildConfigurationList = F38C182C1AF2077500112274 /* Build configuration list for PBXProject "Visionear" */;
			compatibilityVersion = "Xcode 3.2";
			developmentRegion = English;
			hasScannedForEncodings = 0;
			knownRegions = (
				en,
				Base,
			);
			mainGroup = F38C18281AF2077500112274;
			productRefGroup = F38C18321AF2077500112274 /* Products */;
			projectDirPath = "";
			projectRoot = "";
			targets = (
				F38C18301AF2077500112274 /* Visionear */,
				F38C184C1AF2077600112274 /* VisionearTests */,
			);
		};
/* End PBXProject section */

/* Begin PBXResourcesBuildPhase section */
		F38C182F1AF2077500112274 /* Resources */ = {
			isa = PBXResourcesBuildPhase;
			buildActionMask = 2147483647;
			files = (
				F33557CA1AF9FDD70057CCD3 /* THSarabunNew Bold.ttf in Resources */,
				F3752F8F1B09CF0B00DCF8A6 /* scene5.gif in Resources */,
				F33557CC1AF9FDD70057CCD3 /* THSarabunNew Italic.ttf in Resources */,
				F3752F921B09CF0B00DCF8A6 /* scene2.gif in Resources */,
				F333E7D11B0C745800A1CD49 /* scene5-frames in Resources */,
				F33557CB1AF9FDD70057CCD3 /* THSarabunNew BoldItalic.ttf in Resources */,
				F3752F941B09CF2300DCF8A6 /* scene1.gif in Resources */,
				F38C18431AF2077500112274 /* Main.storyboard in Resources */,
				F333E7D41B0C745800A1CD49 /* scene2-frames in Resources */,
				F3752F901B09CF0B00DCF8A6 /* scene4.gif in Resources */,
				F33557CD1AF9FDD70057CCD3 /* THSarabunNew.ttf in Resources */,
				F3752F911B09CF0B00DCF8A6 /* scene3.gif in Resources */,
				F38C18481AF2077500112274 /* LaunchScreen.xib in Resources */,
				F333E7D51B0C745800A1CD49 /* scene1-frames in Resources */,
				F333E7D31B0C745800A1CD49 /* scene3-frames in Resources */,
				F333E7D21B0C745800A1CD49 /* scene4-frames in Resources */,
				F38C18451AF2077500112274 /* Images.xcassets in Resources */,
			);
			runOnlyForDeploymentPostprocessing = 0;
		};
		F38C184B1AF2077600112274 /* Resources */ = {
			isa = PBXResourcesBuildPhase;
			buildActionMask = 2147483647;
			files = (
			);
			runOnlyForDeploymentPostprocessing = 0;
		};
/* End PBXResourcesBuildPhase section */

/* Begin PBXSourcesBuildPhase section */
		F38C182D1AF2077500112274 /* Sources */ = {
			isa = PBXSourcesBuildPhase;
			buildActionMask = 2147483647;
			files = (
				F35B30161B047E6700292950 /* HelpViewController.m in Sources */,
				F3CF55431AFB2811003FDA62 /* HelpCustomCell.m in Sources */,
				F3A19A201B0B45C500BF44D2 /* Help2ViewController.m in Sources */,
				F3332C6F1B05D8ED00A7AACF /* CustomCell.m in Sources */,
				F38C183A1AF2077500112274 /* AppDelegate.m in Sources */,
				F3A19A1D1B0AFA0300BF44D2 /* Main2ViewController.m in Sources */,
				F38C183D1AF2077500112274 /* MainViewController.m in Sources */,
				F38C18371AF2077500112274 /* main.m in Sources */,
			);
			runOnlyForDeploymentPostprocessing = 0;
		};
		F38C18491AF2077600112274 /* Sources */ = {
			isa = PBXSourcesBuildPhase;
			buildActionMask = 2147483647;
			files = (
				F38C18541AF2077600112274 /* VisionearTests.m in Sources */,
			);
			runOnlyForDeploymentPostprocessing = 0;
		};
/* End PBXSourcesBuildPhase section */

/* Begin PBXTargetDependency section */
		F38C184F1AF2077600112274 /* PBXTargetDependency */ = {
			isa = PBXTargetDependency;
			target = F38C18301AF2077500112274 /* Visionear */;
			targetProxy = F38C184E1AF2077600112274 /* PBXContainerItemProxy */;
		};
/* End PBXTargetDependency section */

/* Begin PBXVariantGroup section */
		F38C18411AF2077500112274 /* Main.storyboard */ = {
			isa = PBXVariantGroup;
			children = (
				F38C18421AF2077500112274 /* Base */,
			);
			name = Main.storyboard;
			sourceTree = "<group>";
		};
		F38C18461AF2077500112274 /* LaunchScreen.xib */ = {
			isa = PBXVariantGroup;
			children = (
				F38C18471AF2077500112274 /* Base */,
			);
			name = LaunchScreen.xib;
			sourceTree = "<group>";
		};
/* End PBXVariantGroup section */

/* Begin XCBuildConfiguration section */
		F38C18551AF2077600112274 /* Debug */ = {
			isa = XCBuildConfiguration;
			buildSettings = {
				ALWAYS_SEARCH_USER_PATHS = NO;
				CLANG_CXX_LANGUAGE_STANDARD = "gnu++0x";
				CLANG_CXX_LIBRARY = "libc++";
				CLANG_ENABLE_MODULES = YES;
				CLANG_ENABLE_OBJC_ARC = YES;
				CLANG_WARN_BOOL_CONVERSION = YES;
				CLANG_WARN_CONSTANT_CONVERSION = YES;
				CLANG_WARN_DIRECT_OBJC_ISA_USAGE = YES_ERROR;
				CLANG_WARN_EMPTY_BODY = YES;
				CLANG_WARN_ENUM_CONVERSION = YES;
				CLANG_WARN_INT_CONVERSION = YES;
				CLANG_WARN_OBJC_ROOT_CLASS = YES_ERROR;
				CLANG_WARN_UNREACHABLE_CODE = YES;
				CLANG_WARN__DUPLICATE_METHOD_MATCH = YES;
				"CODE_SIGN_IDENTITY[sdk=iphoneos*]" = "iPhone Developer";
				COPY_PHASE_STRIP = NO;
				DEBUG_INFORMATION_FORMAT = "dwarf-with-dsym";
				ENABLE_STRICT_OBJC_MSGSEND = YES;
				GCC_C_LANGUAGE_STANDARD = gnu99;
				GCC_DYNAMIC_NO_PIC = NO;
				GCC_NO_COMMON_BLOCKS = YES;
				GCC_OPTIMIZATION_LEVEL = 0;
				GCC_PREPROCESSOR_DEFINITIONS = (
					"DEBUG=1",
					"$(inherited)",
				);
				GCC_SYMBOLS_PRIVATE_EXTERN = NO;
				GCC_WARN_64_TO_32_BIT_CONVERSION = YES;
				GCC_WARN_ABOUT_RETURN_TYPE = YES_ERROR;
				GCC_WARN_UNDECLARED_SELECTOR = YES;
				GCC_WARN_UNINITIALIZED_AUTOS = YES_AGGRESSIVE;
				GCC_WARN_UNUSED_FUNCTION = YES;
				GCC_WARN_UNUSED_VARIABLE = YES;
				IPHONEOS_DEPLOYMENT_TARGET = 8.3;
				MTL_ENABLE_DEBUG_INFO = YES;
				ONLY_ACTIVE_ARCH = YES;
				SDKROOT = iphoneos;
				TARGETED_DEVICE_FAMILY = "1,2";
			};
			name = Debug;
		};
		F38C18561AF2077600112274 /* Release */ = {
			isa = XCBuildConfiguration;
			buildSettings = {
				ALWAYS_SEARCH_USER_PATHS = NO;
				CLANG_CXX_LANGUAGE_STANDARD = "gnu++0x";
				CLANG_CXX_LIBRARY = "libc++";
				CLANG_ENABLE_MODULES = YES;
				CLANG_ENABLE_OBJC_ARC = YES;
				CLANG_WARN_BOOL_CONVERSION = YES;
				CLANG_WARN_CONSTANT_CONVERSION = YES;
				CLANG_WARN_DIRECT_OBJC_ISA_USAGE = YES_ERROR;
				CLANG_WARN_EMPTY_BODY = YES;
				CLANG_WARN_ENUM_CONVERSION = YES;
				CLANG_WARN_INT_CONVERSION = YES;
				CLANG_WARN_OBJC_ROOT_CLASS = YES_ERROR;
				CLANG_WARN_UNREACHABLE_CODE = YES;
				CLANG_WARN__DUPLICATE_METHOD_MATCH = YES;
				"CODE_SIGN_IDENTITY[sdk=iphoneos*]" = "iPhone Developer";
				COPY_PHASE_STRIP = NO;
				DEBUG_INFORMATION_FORMAT = "dwarf-with-dsym";
				ENABLE_NS_ASSERTIONS = NO;
				ENABLE_STRICT_OBJC_MSGSEND = YES;
				GCC_C_LANGUAGE_STANDARD = gnu99;
				GCC_NO_COMMON_BLOCKS = YES;
				GCC_WARN_64_TO_32_BIT_CONVERSION = YES;
				GCC_WARN_ABOUT_RETURN_TYPE = YES_ERROR;
				GCC_WARN_UNDECLARED_SELECTOR = YES;
				GCC_WARN_UNINITIALIZED_AUTOS = YES_AGGRESSIVE;
				GCC_WARN_UNUSED_FUNCTION = YES;
				GCC_WARN_UNUSED_VARIABLE = YES;
				IPHONEOS_DEPLOYMENT_TARGET = 8.3;
				MTL_ENABLE_DEBUG_INFO = NO;
				SDKROOT = iphoneos;
				TARGETED_DEVICE_FAMILY = "1,2";
				VALIDATE_PRODUCT = YES;
			};
			name = Release;
		};
		F38C18581AF2077600112274 /* Debug */ = {
			isa = XCBuildConfiguration;
			buildSettings = {
				ASSETCATALOG_COMPILER_APPICON_NAME = AppIcon;
				ASSETCATALOG_COMPILER_LAUNCHIMAGE_NAME = LaunchImage;
				CODE_SIGN_IDENTITY = "iPhone Developer";
				"CODE_SIGN_IDENTITY[sdk=iphoneos*]" = "iPhone Developer";
				INFOPLIST_FILE = Visionear/Info.plist;
				IPHONEOS_DEPLOYMENT_TARGET = 7.0;
				LD_RUNPATH_SEARCH_PATHS = "$(inherited) @executable_path/Frameworks";
				PRODUCT_NAME = "$(TARGET_NAME)";
				PROVISIONING_PROFILE = "";
			};
			name = Debug;
		};
		F38C18591AF2077600112274 /* Release */ = {
			isa = XCBuildConfiguration;
			buildSettings = {
				ASSETCATALOG_COMPILER_APPICON_NAME = AppIcon;
				ASSETCATALOG_COMPILER_LAUNCHIMAGE_NAME = LaunchImage;
				CODE_SIGN_IDENTITY = "iPhone Developer";
				"CODE_SIGN_IDENTITY[sdk=iphoneos*]" = "iPhone Developer";
				INFOPLIST_FILE = Visionear/Info.plist;
				IPHONEOS_DEPLOYMENT_TARGET = 7.0;
				LD_RUNPATH_SEARCH_PATHS = "$(inherited) @executable_path/Frameworks";
				PRODUCT_NAME = "$(TARGET_NAME)";
				PROVISIONING_PROFILE = "";
			};
			name = Release;
		};
		F38C185B1AF2077600112274 /* Debug */ = {
			isa = XCBuildConfiguration;
			buildSettings = {
				BUNDLE_LOADER = "$(TEST_HOST)";
				FRAMEWORK_SEARCH_PATHS = (
					"$(SDKROOT)/Developer/Library/Frameworks",
					"$(inherited)",
				);
				GCC_PREPROCESSOR_DEFINITIONS = (
					"DEBUG=1",
					"$(inherited)",
				);
				INFOPLIST_FILE = VisionearTests/Info.plist;
				LD_RUNPATH_SEARCH_PATHS = "$(inherited) @executable_path/Frameworks @loader_path/Frameworks";
				PRODUCT_NAME = "$(TARGET_NAME)";
				TEST_HOST = "$(BUILT_PRODUCTS_DIR)/Visionear.app/Visionear";
			};
			name = Debug;
		};
		F38C185C1AF2077600112274 /* Release */ = {
			isa = XCBuildConfiguration;
			buildSettings = {
				BUNDLE_LOADER = "$(TEST_HOST)";
				FRAMEWORK_SEARCH_PATHS = (
					"$(SDKROOT)/Developer/Library/Frameworks",
					"$(inherited)",
				);
				INFOPLIST_FILE = VisionearTests/Info.plist;
				LD_RUNPATH_SEARCH_PATHS = "$(inherited) @executable_path/Frameworks @loader_path/Frameworks";
				PRODUCT_NAME = "$(TARGET_NAME)";
				TEST_HOST = "$(BUILT_PRODUCTS_DIR)/Visionear.app/Visionear";
			};
			name = Release;
		};
/* End XCBuildConfiguration section */

/* Begin XCConfigurationList section */
		F38C182C1AF2077500112274 /* Build configuration list for PBXProject "Visionear" */ = {
			isa = XCConfigurationList;
			buildConfigurations = (
				F38C18551AF2077600112274 /* Debug */,
				F38C18561AF2077600112274 /* Release */,
			);
			defaultConfigurationIsVisible = 0;
			defaultConfigurationName = Release;
		};
		F38C18571AF2077600112274 /* Build configuration list for PBXNativeTarget "Visionear" */ = {
			isa = XCConfigurationList;
			buildConfigurations = (
				F38C18581AF2077600112274 /* Debug */,
				F38C18591AF2077600112274 /* Release */,
			);
			defaultConfigurationIsVisible = 0;
			defaultConfigurationName = Release;
		};
		F38C185A1AF2077600112274 /* Build configuration list for PBXNativeTarget "VisionearTests" */ = {
			isa = XCConfigurationList;
			buildConfigurations = (
				F38C185B1AF2077600112274 /* Debug */,
				F38C185C1AF2077600112274 /* Release */,
			);
			defaultConfigurationIsVisible = 0;
			defaultConfigurationName = Release;
		};
/* End XCConfigurationList section */
	};
	rootObject = F38C18291AF2077500112274 /* Project object */;
}
